
Microsoft Visual Studio Solution File, Format Version 12.00
# Visual Studio Version 17
VisualStudioVersion = 17.3.32825.248
MinimumVisualStudioVersion = 10.0.40219.1
Project("{FAE04EC0-301F-11D3-BF4B-00C04F79EFBC}") = "Week8EpicGame", "Week8EpicGame\Week8EpicGame.csproj", "{F1E3862E-9736-4D20-A7F1-3A3FE4782635}"
EndProject
Global
	GlobalSection(SolutionConfigurationPlatforms) = preSolution
		Debug|Any CPU = Debug|Any CPU
		Release|Any CPU = Release|Any CPU
	EndGlobalSection
	GlobalSection(ProjectConfigurationPlatforms) = postSolution
		{F1E3862E-9736-4D20-A7F1-3A3FE4782635}.Debug|Any CPU.ActiveCfg = Debug|Any CPU
		{F1E3862E-9736-4D20-A7F1-3A3FE4782635}.Debug|Any CPU.Build.0 = Debug|Any CPU
		{F1E3862E-9736-4D20-A7F1-3A3FE4782635}.Release|Any CPU.ActiveCfg = Release|Any CPU
		{F1E3862E-9736-4D20-A7F1-3A3FE4782635}.Release|Any CPU.Build.0 = Release|Any CPU
	EndGlobalSection
	GlobalSection(SolutionProperties) = preSolution
		HideSolutionNode = FALSE
	EndGlobalSection
	GlobalSection(ExtensibilityGlobals) = postSolution
		SolutionGuid = {BF082E59-E107-467B-80BF-C228B97A3FF5}
	EndGlobalSection
EndGlobal
